
Microsoft Visual Studio Solution File, Format Version 12.00
# Visual Studio 2012
Project("{FAE04EC0-301F-11D3-BF4B-00C04F79EFBC}") = "ICT13580096B", "ICT13580096B\ICT13580096B.csproj", "{DA9203DF-E0CC-492A-863F-8052BD1255B9}"
EndProject
Project("{FAE04EC0-301F-11D3-BF4B-00C04F79EFBC}") = "ICT13580096B.iOS", "iOS\ICT13580096B.iOS.csproj", "{4F02C86D-AF2A-4E3B-BEA0-F6B75499B539}"
EndProject
Project("{FAE04EC0-301F-11D3-BF4B-00C04F79EFBC}") = "ICT13580096B.Droid", "Droid\ICT13580096B.Droid.csproj", "{3F308696-51A1-43CA-B993-8DB60315851B}"
EndProject
Global
	GlobalSection(SolutionConfigurationPlatforms) = preSolution
		Debug|Any CPU = Debug|Any CPU
		Release|Any CPU = Release|Any CPU
		Debug|iPhoneSimulator = Debug|iPhoneSimulator
		Release|iPhone = Release|iPhone
		Release|iPhoneSimulator = Release|iPhoneSimulator
		Debug|iPhone = Debug|iPhone
	EndGlobalSection
	GlobalSection(ProjectConfigurationPlatforms) = postSolution
		{DA9203DF-E0CC-492A-863F-8052BD1255B9}.Debug|Any CPU.ActiveCfg = Debug|Any CPU
		{DA9203DF-E0CC-492A-863F-8052BD1255B9}.Debug|Any CPU.Build.0 = Debug|Any CPU
		{DA9203DF-E0CC-492A-863F-8052BD1255B9}.Release|Any CPU.ActiveCfg = Release|Any CPU
		{DA9203DF-E0CC-492A-863F-8052BD1255B9}.Release|Any CPU.Build.0 = Release|Any CPU
		{DA9203DF-E0CC-492A-863F-8052BD1255B9}.Debug|iPhoneSimulator.ActiveCfg = Debug|Any CPU
		{DA9203DF-E0CC-492A-863F-8052BD1255B9}.Debug|iPhoneSimulator.Build.0 = Debug|Any CPU
		{DA9203DF-E0CC-492A-863F-8052BD1255B9}.Release|iPhone.ActiveCfg = Release|Any CPU
		{DA9203DF-E0CC-492A-863F-8052BD1255B9}.Release|iPhone.Build.0 = Release|Any CPU
		{DA9203DF-E0CC-492A-863F-8052BD1255B9}.Release|iPhoneSimulator.ActiveCfg = Release|Any CPU
		{DA9203DF-E0CC-492A-863F-8052BD1255B9}.Release|iPhoneSimulator.Build.0 = Release|Any CPU
		{DA9203DF-E0CC-492A-863F-8052BD1255B9}.Debug|iPhone.ActiveCfg = Debug|Any CPU
		{DA9203DF-E0CC-492A-863F-8052BD1255B9}.Debug|iPhone.Build.0 = Debug|Any CPU
		{4F02C86D-AF2A-4E3B-BEA0-F6B75499B539}.Debug|Any CPU.ActiveCfg = Debug|iPhoneSimulator
		{4F02C86D-AF2A-4E3B-BEA0-F6B75499B539}.Debug|Any CPU.Build.0 = Debug|iPhoneSimulator
		{4F02C86D-AF2A-4E3B-BEA0-F6B75499B539}.Release|Any CPU.ActiveCfg = Release|iPhone
		{4F02C86D-AF2A-4E3B-BEA0-F6B75499B539}.Release|Any CPU.Build.0 = Release|iPhone
		{4F02C86D-AF2A-4E3B-BEA0-F6B75499B539}.Debug|iPhoneSimulator.ActiveCfg = Debug|iPhoneSimulator
		{4F02C86D-AF2A-4E3B-BEA0-F6B75499B539}.Debug|iPhoneSimulator.Build.0 = Debug|iPhoneSimulator
		{4F02C86D-AF2A-4E3B-BEA0-F6B75499B539}.Release|iPhone.ActiveCfg = Release|iPhone
		{4F02C86D-AF2A-4E3B-BEA0-F6B75499B539}.Release|iPhone.Build.0 = Release|iPhone
		{4F02C86D-AF2A-4E3B-BEA0-F6B75499B539}.Release|iPhoneSimulator.ActiveCfg = Release|iPhoneSimulator
		{4F02C86D-AF2A-4E3B-BEA0-F6B75499B539}.Release|iPhoneSimulator.Build.0 = Release|iPhoneSimulator
		{4F02C86D-AF2A-4E3B-BEA0-F6B75499B539}.Debug|iPhone.ActiveCfg = Debug|iPhone
		{4F02C86D-AF2A-4E3B-BEA0-F6B75499B539}.Debug|iPhone.Build.0 = Debug|iPhone
		{3F308696-51A1-43CA-B993-8DB60315851B}.Debug|Any CPU.ActiveCfg = Debug|Any CPU
		{3F308696-51A1-43CA-B993-8DB60315851B}.Debug|Any CPU.Build.0 = Debug|Any CPU
		{3F308696-51A1-43CA-B993-8DB60315851B}.Release|Any CPU.ActiveCfg = Release|Any CPU
		{3F308696-51A1-43CA-B993-8DB60315851B}.Release|Any CPU.Build.0 = Release|Any CPU
		{3F308696-51A1-43CA-B993-8DB60315851B}.Debug|iPhoneSimulator.ActiveCfg = Debug|Any CPU
		{3F308696-51A1-43CA-B993-8DB60315851B}.Debug|iPhoneSimulator.Build.0 = Debug|Any CPU
		{3F308696-51A1-43CA-B993-8DB60315851B}.Release|iPhone.ActiveCfg = Release|Any CPU
		{3F308696-51A1-43CA-B993-8DB60315851B}.Release|iPhone.Build.0 = Release|Any CPU
		{3F308696-51A1-43CA-B993-8DB60315851B}.Release|iPhoneSimulator.ActiveCfg = Release|Any CPU
		{3F308696-51A1-43CA-B993-8DB60315851B}.Release|iPhoneSimulator.Build.0 = Release|Any CPU
		{3F308696-51A1-43CA-B993-8DB60315851B}.Debug|iPhone.ActiveCfg = Debug|Any CPU
		{3F308696-51A1-43CA-B993-8DB60315851B}.Debug|iPhone.Build.0 = Debug|Any CPU
	EndGlobalSection
EndGlobal
